
Microsoft Visual Studio Solution File, Format Version 12.00
# Visual Studio Version 16
VisualStudioVersion = 16.0.30709.132
MinimumVisualStudioVersion = 10.0.40219.1
Project("{8BC9CEB8-8B4A-11D0-8D11-00A0C91BC942}") = "VulkanEngine", "VulkanEngine\VulkanEngine.vcxproj", "{4CA0CC34-1273-4BA9-940C-68EC95932ACB}"
EndProject
Global
	GlobalSection(SolutionConfigurationPlatforms) = preSolution
		Debug|x64 = Debug|x64
		Debug|x86 = Debug|x86
		Release|x64 = Release|x64
		Release|x86 = Release|x86
	EndGlobalSection
	GlobalSection(ProjectConfigurationPlatforms) = postSolution
		{4CA0CC34-1273-4BA9-940C-68EC95932ACB}.Debug|x64.ActiveCfg = Debug|x64
		{4CA0CC34-1273-4BA9-940C-68EC95932ACB}.Debug|x64.Build.0 = Debug|x64
		{4CA0CC34-1273-4BA9-940C-68EC95932ACB}.Debug|x86.ActiveCfg = Debug|Win32
		{4CA0CC34-1273-4BA9-940C-68EC95932ACB}.Debug|x86.Build.0 = Debug|Win32
		{4CA0CC34-1273-4BA9-940C-68EC95932ACB}.Release|x64.ActiveCfg = Release|x64
		{4CA0CC34-1273-4BA9-940C-68EC95932ACB}.Release|x64.Build.0 = Release|x64
		{4CA0CC34-1273-4BA9-940C-68EC95932ACB}.Release|x86.ActiveCfg = Release|Win32
		{4CA0CC34-1273-4BA9-940C-68EC95932ACB}.Release|x86.Build.0 = Release|Win32
	EndGlobalSection
	GlobalSection(SolutionProperties) = preSolution
		HideSolutionNode = FALSE
	EndGlobalSection
	GlobalSection(ExtensibilityGlobals) = postSolution
		SolutionGuid = {577C36DB-45F7-498C-98BF-EE160A497C46}
	EndGlobalSection
EndGlobal
