<?xml version="1.0" encoding="utf-8"?>
<Project ToolsVersion="4.0" xmlns="http://schemas.microsoft.com/developer/msbuild/2003">
  <ItemGroup>
    <Filter Include="Source Files">
      <UniqueIdentifier>{4FC737F1-C7A5-4376-A066-2A32D752A2FF}</UniqueIdentifier>
      <Extensions>cpp;c;cc;cxx;c++;cppm;ixx;def;odl;idl;hpj;bat;asm;asmx</Extensions>
    </Filter>
    <Filter Include="Header Files">
      <UniqueIdentifier>{93995380-89BD-4b04-88EB-625FBE52EBFB}</UniqueIdentifier>
      <Extensions>h;hh;hpp;hxx;h++;hm;inl;inc;ipp;xsd</Extensions>
    </Filter>
    <Filter Include="Resource Files">
      <UniqueIdentifier>{67DA6AB6-F800-4c08-8B7A-83BB121AAD01}</UniqueIdentifier>
      <Extensions>rc;ico;cur;bmp;dlg;rc2;rct;bin;rgs;gif;jpg;jpeg;jpe;resx;tiff;tif;png;wav;mfcribbon-ms</Extensions>
    </Filter>
    <Filter Include="Source Files\gfx">
      <UniqueIdentifier>{3799ee89-6d43-46b2-a5fb-a42207f46d0c}</UniqueIdentifier>
    </Filter>
    <Filter Include="Header Files\gfx">
      <UniqueIdentifier>{ad8fa0d3-0245-4912-8698-4dedc4d9d986}</UniqueIdentifier>
    </Filter>
    <Filter Include="Resource Files\shaders">
      <UniqueIdentifier>{5dc6aebb-5042-453a-95da-32f42b5dd0b4}</UniqueIdentifier>
    </Filter>
    <Filter Include="Header Files\gfx\vulkan">
      <UniqueIdentifier>{1a0ff8a4-60d8-4e6a-8aa1-05fd0fd36871}</UniqueIdentifier>
    </Filter>
    <Filter Include="Source Files\gfx\vulkan">
      <UniqueIdentifier>{8abc7cb4-c50d-41de-81d3-35b759c7f47c}</UniqueIdentifier>
    </Filter>
    <Filter Include="Header Files\input">
      <UniqueIdentifier>{7a60bf46-d799-4557-96f8-1bc48ac2e3b8}</UniqueIdentifier>
    </Filter>
  </ItemGroup>
  <ItemGroup>
    <ClCompile Include="main.cpp">
      <Filter>Source Files</Filter>
    </ClCompile>
    <ClCompile Include="engine.cpp">
      <Filter>Source Files</Filter>
    </ClCompile>
    <ClCompile Include="model.cpp">
      <Filter>Source Files\gfx</Filter>
    </ClCompile>
    <ClCompile Include="renderer.cpp">
      <Filter>Source Files\gfx</Filter>
    </ClCompile>
    <ClCompile Include="renderManager.cpp">
      <Filter>Source Files\gfx</Filter>
    </ClCompile>
    <ClCompile Include="camera.cpp">
      <Filter>Source Files\gfx</Filter>
    </ClCompile>
    <ClCompile Include="window.cpp">
      <Filter>Source Files\gfx\vulkan</Filter>
    </ClCompile>
    <ClCompile Include="swapchain.cpp">
      <Filter>Source Files\gfx\vulkan</Filter>
    </ClCompile>
    <ClCompile Include="pipeline.cpp">
      <Filter>Source Files\gfx\vulkan</Filter>
    </ClCompile>
    <ClCompile Include="device.cpp">
      <Filter>Source Files\gfx\vulkan</Filter>
    </ClCompile>
    <ClCompile Include="inputManager.cpp">
      <Filter>Source Files</Filter>
    </ClCompile>
    <ClCompile Include="buffer.cpp">
      <Filter>Source Files\gfx\vulkan</Filter>
    </ClCompile>
    <ClCompile Include="assetManager.cpp">
      <Filter>Source Files</Filter>
    </ClCompile>
    <ClCompile Include="texture.cpp">
      <Filter>Source Files\gfx</Filter>
    </ClCompile>
    <ClCompile Include="descriptorManager.cpp">
      <Filter>Source Files\gfx\vulkan</Filter>
    </ClCompile>
  </ItemGroup>
  <ItemGroup>
    <ClInclude Include="engine.h">
      <Filter>Header Files</Filter>
    </ClInclude>
    <ClInclude Include="settings.h">
      <Filter>Header Files</Filter>
    </ClInclude>
    <ClInclude Include="model.h">
      <Filter>Header Files\gfx</Filter>
    </ClInclude>
    <ClInclude Include="gameObject.h">
      <Filter>Header Files</Filter>
    </ClInclude>
    <ClInclude Include="renderManager.h">
      <Filter>Header Files\gfx</Filter>
    </ClInclude>
    <ClInclude Include="camera.h">
      <Filter>Header Files\gfx</Filter>
    </ClInclude>
    <ClInclude Include="device.h">
      <Filter>Header Files\gfx\vulkan</Filter>
    </ClInclude>
    <ClInclude Include="pipeline.h">
      <Filter>Header Files\gfx\vulkan</Filter>
    </ClInclude>
    <ClInclude Include="swapchain.h">
      <Filter>Header Files\gfx\vulkan</Filter>
    </ClInclude>
    <ClInclude Include="window.h">
      <Filter>Header Files\gfx\vulkan</Filter>
    </ClInclude>
    <ClInclude Include="renderer.h">
      <Filter>Header Files\gfx</Filter>
    </ClInclude>
    <ClInclude Include="utils.h">
      <Filter>Header Files</Filter>
    </ClInclude>
    <ClInclude Include="buffer.h">
      <Filter>Header Files\gfx\vulkan</Filter>
    </ClInclude>
    <ClInclude Include="constants.h">
      <Filter>Header Files</Filter>
    </ClInclude>
    <ClInclude Include="assetManager.h">
      <Filter>Header Files</Filter>
    </ClInclude>
    <ClInclude Include="texture.h">
      <Filter>Header Files\gfx</Filter>
    </ClInclude>
    <ClInclude Include="inputManager.h">
      <Filter>Header Files\input</Filter>
    </ClInclude>
    <ClInclude Include="pythonManager.h">
      <Filter>Header Files\input</Filter>
    </ClInclude>
    <ClInclude Include="descriptorManager.h">
      <Filter>Header Files\gfx\vulkan</Filter>
    </ClInclude>
  </ItemGroup>
  <ItemGroup>
    <None Include="shaders\shader.frag">
      <Filter>Resource Files\shaders</Filter>
    </None>
    <None Include="shaders\shader.vert">
      <Filter>Resource Files\shaders</Filter>
    </None>
    <None Include="shaders\cubemapfrag.frag">
      <Filter>Resource Files\shaders</Filter>
    </None>
    <None Include="shaders\cubemapvert.vert">
      <Filter>Resource Files\shaders</Filter>
    </None>
    <None Include="shaders\water.frag">
      <Filter>Resource Files\shaders</Filter>
    </None>
    <None Include="shaders\water.vert">
      <Filter>Resource Files\shaders</Filter>
    </None>
    <None Include="shaders\tesc.tesc">
      <Filter>Resource Files\shaders</Filter>
    </None>
    <None Include="shaders\tese.tese">
      <Filter>Resource Files\shaders</Filter>
    </None>
  </ItemGroup>
</Project>